// !$*UTF8*$!
{
	archiveVersion = 1;
	classes = {
	};
	objectVersion = 55;
	objects = {

/* Begin PBXBuildFile section */
		872321BB273D2BA10009432D /* Tests_iOS.swift in Sources */ = {isa = PBXBuildFile; fileRef = 872321BA273D2BA10009432D /* Tests_iOS.swift */; };
		872321BD273D2BA10009432D /* Tests_iOSLaunchTests.swift in Sources */ = {isa = PBXBuildFile; fileRef = 872321BC273D2BA10009432D /* Tests_iOSLaunchTests.swift */; };
		872321C7273D2BA10009432D /* Tests_macOS.swift in Sources */ = {isa = PBXBuildFile; fileRef = 872321C6273D2BA10009432D /* Tests_macOS.swift */; };
		872321C9273D2BA10009432D /* Tests_macOSLaunchTests.swift in Sources */ = {isa = PBXBuildFile; fileRef = 872321C8273D2BA10009432D /* Tests_macOSLaunchTests.swift */; };
		872321CA273D2BA10009432D /* Week_2App.swift in Sources */ = {isa = PBXBuildFile; fileRef = 872321A2273D2B9F0009432D /* Week_2App.swift */; };
		872321CB273D2BA10009432D /* Week_2App.swift in Sources */ = {isa = PBXBuildFile; fileRef = 872321A2273D2B9F0009432D /* Week_2App.swift */; };
		872321CC273D2BA10009432D /* ContentView.swift in Sources */ = {isa = PBXBuildFile; fileRef = 872321A3273D2B9F0009432D /* ContentView.swift */; };
		872321CD273D2BA10009432D /* ContentView.swift in Sources */ = {isa = PBXBuildFile; fileRef = 872321A3273D2B9F0009432D /* ContentView.swift */; };
		872321CE273D2BA10009432D /* Assets.xcassets in Resources */ = {isa = PBXBuildFile; fileRef = 872321A4273D2BA10009432D /* Assets.xcassets */; };
		872321CF273D2BA10009432D /* Assets.xcassets in Resources */ = {isa = PBXBuildFile; fileRef = 872321A4273D2BA10009432D /* Assets.xcassets */; };
/* End PBXBuildFile section */

/* Begin PBXContainerItemProxy section */
		872321B7273D2BA10009432D /* PBXContainerItemProxy */ = {
			isa = PBXContainerItemProxy;
			containerPortal = 8723219D273D2B9F0009432D /* Project object */;
			proxyType = 1;
			remoteGlobalIDString = 872321A8273D2BA10009432D;
			remoteInfo = "Week 2 (iOS)";
		};
		872321C3273D2BA10009432D /* PBXContainerItemProxy */ = {
			isa = PBXContainerItemProxy;
			containerPortal = 8723219D273D2B9F0009432D /* Project object */;
			proxyType = 1;
			remoteGlobalIDString = 872321AE273D2BA10009432D;
			remoteInfo = "Week 2 (macOS)";
		};
/* End PBXContainerItemProxy section */

/* Begin PBXFileReference section */
		872321A2273D2B9F0009432D /* Week_2App.swift */ = {isa = PBXFileReference; lastKnownFileType = sourcecode.swift; path = Week_2App.swift; sourceTree = "<group>"; };
		872321A3273D2B9F0009432D /* ContentView.swift */ = {isa = PBXFileReference; lastKnownFileType = sourcecode.swift; path = ContentView.swift; sourceTree = "<group>"; };
		872321A4273D2BA10009432D /* Assets.xcassets */ = {isa = PBXFileReference; lastKnownFileType = folder.assetcatalog; path = Assets.xcassets; sourceTree = "<group>"; };
		872321A9273D2BA10009432D /* Week 2.app */ = {isa = PBXFileReference; explicitFileType = wrapper.application; includeInIndex = 0; path = "Week 2.app"; sourceTree = BUILT_PRODUCTS_DIR; };
		872321AF273D2BA10009432D /* Week 2.app */ = {isa = PBXFileReference; explicitFileType = wrapper.application; includeInIndex = 0; path = "Week 2.app"; sourceTree = BUILT_PRODUCTS_DIR; };
		872321B1273D2BA10009432D /* macOS.entitlements */ = {isa = PBXFileReference; lastKnownFileType = text.plist.entitlements; path = macOS.entitlements; sourceTree = "<group>"; };
		872321B6273D2BA10009432D /* Tests iOS.xctest */ = {isa = PBXFileReference; explicitFileType = wrapper.cfbundle; includeInIndex = 0; path = "Tests iOS.xctest"; sourceTree = BUILT_PRODUCTS_DIR; };
		872321BA273D2BA10009432D /* Tests_iOS.swift */ = {isa = PBXFileReference; lastKnownFileType = sourcecode.swift; path = Tests_iOS.swift; sourceTree = "<group>"; };
		872321BC273D2BA10009432D /* Tests_iOSLaunchTests.swift */ = {isa = PBXFileReference; lastKnownFileType = sourcecode.swift; path = Tests_iOSLaunchTests.swift; sourceTree = "<group>"; };
		872321C2273D2BA10009432D /* Tests macOS.xctest */ = {isa = PBXFileReference; explicitFileType = wrapper.cfbundle; includeInIndex = 0; path = "Tests macOS.xctest"; sourceTree = BUILT_PRODUCTS_DIR; };
		872321C6273D2BA10009432D /* Tests_macOS.swift */ = {isa = PBXFileReference; lastKnownFileType = sourcecode.swift; path = Tests_macOS.swift; sourceTree = "<group>"; };
		872321C8273D2BA10009432D /* Tests_macOSLaunchTests.swift */ = {isa = PBXFileReference; lastKnownFileType = sourcecode.swift; path = Tests_macOSLaunchTests.swift; sourceTree = "<group>"; };
/* End PBXFileReference section */

/* Begin PBXFrameworksBuildPhase section */
		872321A6273D2BA10009432D /* Frameworks */ = {
			isa = PBXFrameworksBuildPhase;
			buildActionMask = 2147483647;
			files = (
			);
			runOnlyForDeploymentPostprocessing = 0;
		};
		872321AC273D2BA10009432D /* Frameworks */ = {
			isa = PBXFrameworksBuildPhase;
			buildActionMask = 2147483647;
			files = (
			);
			runOnlyForDeploymentPostprocessing = 0;
		};
		872321B3273D2BA10009432D /* Frameworks */ = {
			isa = PBXFrameworksBuildPhase;
			buildActionMask = 2147483647;
			files = (
			);
			runOnlyForDeploymentPostprocessing = 0;
		};
		872321BF273D2BA10009432D /* Frameworks */ = {
			isa = PBXFrameworksBuildPhase;
			buildActionMask = 2147483647;
			files = (
			);
			runOnlyForDeploymentPostprocessing = 0;
		};
/* End PBXFrameworksBuildPhase section */

/* Begin PBXGroup section */
		8723219C273D2B9F0009432D = {
			isa = PBXGroup;
			children = (
				872321A1273D2B9F0009432D /* Shared */,
				872321B0273D2BA10009432D /* macOS */,
				872321B9273D2BA10009432D /* Tests iOS */,
				872321C5273D2BA10009432D /* Tests macOS */,
				872321AA273D2BA10009432D /* Products */,
			);
			sourceTree = "<group>";
		};
		872321A1273D2B9F0009432D /* Shared */ = {
			isa = PBXGroup;
			children = (
				872321A2273D2B9F0009432D /* Week_2App.swift */,
				872321A3273D2B9F0009432D /* ContentView.swift */,
				872321A4273D2BA10009432D /* Assets.xcassets */,
			);
			path = Shared;
			sourceTree = "<group>";
		};
		872321AA273D2BA10009432D /* Products */ = {
			isa = PBXGroup;
			children = (
				872321A9273D2BA10009432D /* Week 2.app */,
				872321AF273D2BA10009432D /* Week 2.app */,
				872321B6273D2BA10009432D /* Tests iOS.xctest */,
				872321C2273D2BA10009432D /* Tests macOS.xctest */,
			);
			name = Products;
			sourceTree = "<group>";
		};
		872321B0273D2BA10009432D /* macOS */ = {
			isa = PBXGroup;
			children = (
				872321B1273D2BA10009432D /* macOS.entitlements */,
			);
			path = macOS;
			sourceTree = "<group>";
		};
		872321B9273D2BA10009432D /* Tests iOS */ = {
			isa = PBXGroup;
			children = (
				872321BA273D2BA10009432D /* Tests_iOS.swift */,
				872321BC273D2BA10009432D /* Tests_iOSLaunchTests.swift */,
			);
			path = "Tests iOS";
			sourceTree = "<group>";
		};
		872321C5273D2BA10009432D /* Tests macOS */ = {
			isa = PBXGroup;
			children = (
				872321C6273D2BA10009432D /* Tests_macOS.swift */,
				872321C8273D2BA10009432D /* Tests_macOSLaunchTests.swift */,
			);
			path = "Tests macOS";
			sourceTree = "<group>";
		};
/* End PBXGroup section */

/* Begin PBXNativeTarget section */
		872321A8273D2BA10009432D /* Week 2 (iOS) */ = {
			isa = PBXNativeTarget;
			buildConfigurationList = 872321D2273D2BA10009432D /* Build configuration list for PBXNativeTarget "Week 2 (iOS)" */;
			buildPhases = (
				872321A5273D2BA10009432D /* Sources */,
				872321A6273D2BA10009432D /* Frameworks */,
				872321A7273D2BA10009432D /* Resources */,
			);
			buildRules = (
			);
			dependencies = (
			);
			name = "Week 2 (iOS)";
			productName = "Week 2 (iOS)";
			productReference = 872321A9273D2BA10009432D /* Week 2.app */;
			productType = "com.apple.product-type.application";
		};
		872321AE273D2BA10009432D /* Week 2 (macOS) */ = {
			isa = PBXNativeTarget;
			buildConfigurationList = 872321D5273D2BA10009432D /* Build configuration list for PBXNativeTarget "Week 2 (macOS)" */;
			buildPhases = (
				872321AB273D2BA10009432D /* Sources */,
				872321AC273D2BA10009432D /* Frameworks */,
				872321AD273D2BA10009432D /* Resources */,
			);
			buildRules = (
			);
			dependencies = (
			);
			name = "Week 2 (macOS)";
			productName = "Week 2 (macOS)";
			productReference = 872321AF273D2BA10009432D /* Week 2.app */;
			productType = "com.apple.product-type.application";
		};
		872321B5273D2BA10009432D /* Tests iOS */ = {
			isa = PBXNativeTarget;
			buildConfigurationList = 872321D8273D2BA10009432D /* Build configuration list for PBXNativeTarget "Tests iOS" */;
			buildPhases = (
				872321B2273D2BA10009432D /* Sources */,
				872321B3273D2BA10009432D /* Frameworks */,
				872321B4273D2BA10009432D /* Resources */,
			);
			buildRules = (
			);
			dependencies = (
				872321B8273D2BA10009432D /* PBXTargetDependency */,
			);
			name = "Tests iOS";
			productName = "Tests iOS";
			productReference = 872321B6273D2BA10009432D /* Tests iOS.xctest */;
			productType = "com.apple.product-type.bundle.ui-testing";
		};
		872321C1273D2BA10009432D /* Tests macOS */ = {
			isa = PBXNativeTarget;
			buildConfigurationList = 872321DB273D2BA10009432D /* Build configuration list for PBXNativeTarget "Tests macOS" */;
			buildPhases = (
				872321BE273D2BA10009432D /* Sources */,
				872321BF273D2BA10009432D /* Frameworks */,
				872321C0273D2BA10009432D /* Resources */,
			);
			buildRules = (
			);
			dependencies = (
				872321C4273D2BA10009432D /* PBXTargetDependency */,
			);
			name = "Tests macOS";
			productName = "Tests macOS";
			productReference = 872321C2273D2BA10009432D /* Tests macOS.xctest */;
			productType = "com.apple.product-type.bundle.ui-testing";
		};
/* End PBXNativeTarget section */

/* Begin PBXProject section */
		8723219D273D2B9F0009432D /* Project object */ = {
			isa = PBXProject;
			attributes = {
				BuildIndependentTargetsInParallel = 1;
				LastSwiftUpdateCheck = 1310;
				LastUpgradeCheck = 1310;
				TargetAttributes = {
					872321A8273D2BA10009432D = {
						CreatedOnToolsVersion = 13.1;
					};
					872321AE273D2BA10009432D = {
						CreatedOnToolsVersion = 13.1;
					};
					872321B5273D2BA10009432D = {
						CreatedOnToolsVersion = 13.1;
						TestTargetID = 872321A8273D2BA10009432D;
					};
					872321C1273D2BA10009432D = {
						CreatedOnToolsVersion = 13.1;
						TestTargetID = 872321AE273D2BA10009432D;
					};
				};
			};
			buildConfigurationList = 872321A0273D2B9F0009432D /* Build configuration list for PBXProject "Week 2" */;
			compatibilityVersion = "Xcode 13.0";
			developmentRegion = en;
			hasScannedForEncodings = 0;
			knownRegions = (
				en,
				Base,
			);
			mainGroup = 8723219C273D2B9F0009432D;
			productRefGroup = 872321AA273D2BA10009432D /* Products */;
			projectDirPath = "";
			projectRoot = "";
			targets = (
				872321A8273D2BA10009432D /* Week 2 (iOS) */,
				872321AE273D2BA10009432D /* Week 2 (macOS) */,
				872321B5273D2BA10009432D /* Tests iOS */,
				872321C1273D2BA10009432D /* Tests macOS */,
			);
		};
/* End PBXProject section */

/* Begin PBXResourcesBuildPhase section */
		872321A7273D2BA10009432D /* Resources */ = {
			isa = PBXResourcesBuildPhase;
			buildActionMask = 2147483647;
			files = (
				872321CE273D2BA10009432D /* Assets.xcassets in Resources */,
			);
			runOnlyForDeploymentPostprocessing = 0;
		};
		872321AD273D2BA10009432D /* Resources */ = {
			isa = PBXResourcesBuildPhase;
			buildActionMask = 2147483647;
			files = (
				872321CF273D2BA10009432D /* Assets.xcassets in Resources */,
			);
			runOnlyForDeploymentPostprocessing = 0;
		};
		872321B4273D2BA10009432D /* Resources */ = {
			isa = PBXResourcesBuildPhase;
			buildActionMask = 2147483647;
			files = (
			);
			runOnlyForDeploymentPostprocessing = 0;
		};
		872321C0273D2BA10009432D /* Resources */ = {
			isa = PBXResourcesBuildPhase;
			buildActionMask = 2147483647;
			files = (
			);
			runOnlyForDeploymentPostprocessing = 0;
		};
/* End PBXResourcesBuildPhase section */

/* Begin PBXSourcesBuildPhase section */
		872321A5273D2BA10009432D /* Sources */ = {
			isa = PBXSourcesBuildPhase;
			buildActionMask = 2147483647;
			files = (
				872321CC273D2BA10009432D /* ContentView.swift in Sources */,
				872321CA273D2BA10009432D /* Week_2App.swift in Sources */,
			);
			runOnlyForDeploymentPostprocessing = 0;
		};
		872321AB273D2BA10009432D /* Sources */ = {
			isa = PBXSourcesBuildPhase;
			buildActionMask = 2147483647;
			files = (
				872321CD273D2BA10009432D /* ContentView.swift in Sources */,
				872321CB273D2BA10009432D /* Week_2App.swift in Sources */,
			);
			runOnlyForDeploymentPostprocessing = 0;
		};
		872321B2273D2BA10009432D /* Sources */ = {
			isa = PBXSourcesBuildPhase;
			buildActionMask = 2147483647;
			files = (
				872321BD273D2BA10009432D /* Tests_iOSLaunchTests.swift in Sources */,
				872321BB273D2BA10009432D /* Tests_iOS.swift in Sources */,
			);
			runOnlyForDeploymentPostprocessing = 0;
		};
		872321BE273D2BA10009432D /* Sources */ = {
			isa = PBXSourcesBuildPhase;
			buildActionMask = 2147483647;
			files = (
				872321C9273D2BA10009432D /* Tests_macOSLaunchTests.swift in Sources */,
				872321C7273D2BA10009432D /* Tests_macOS.swift in Sources */,
			);
			runOnlyForDeploymentPostprocessing = 0;
		};
/* End PBXSourcesBuildPhase section */

/* Begin PBXTargetDependency section */
		872321B8273D2BA10009432D /* PBXTargetDependency */ = {
			isa = PBXTargetDependency;
			target = 872321A8273D2BA10009432D /* Week 2 (iOS) */;
			targetProxy = 872321B7273D2BA10009432D /* PBXContainerItemProxy */;
		};
		872321C4273D2BA10009432D /* PBXTargetDependency */ = {
			isa = PBXTargetDependency;
			target = 872321AE273D2BA10009432D /* Week 2 (macOS) */;
			targetProxy = 872321C3273D2BA10009432D /* PBXContainerItemProxy */;
		};
/* End PBXTargetDependency section */

/* Begin XCBuildConfiguration section */
		872321D0273D2BA10009432D /* Debug */ = {
			isa = XCBuildConfiguration;
			buildSettings = {
				ALWAYS_SEARCH_USER_PATHS = NO;
				CLANG_ANALYZER_NONNULL = YES;
				CLANG_ANALYZER_NUMBER_OBJECT_CONVERSION = YES_AGGRESSIVE;
				CLANG_CXX_LANGUAGE_STANDARD = "gnu++17";
				CLANG_CXX_LIBRARY = "libc++";
				CLANG_ENABLE_MODULES = YES;
				CLANG_ENABLE_OBJC_ARC = YES;
				CLANG_ENABLE_OBJC_WEAK = YES;
				CLANG_WARN_BLOCK_CAPTURE_AUTORELEASING = YES;
				CLANG_WARN_BOOL_CONVERSION = YES;
				CLANG_WARN_COMMA = YES;
				CLANG_WARN_CONSTANT_CONVERSION = YES;
				CLANG_WARN_DEPRECATED_OBJC_IMPLEMENTATIONS = YES;
				CLANG_WARN_DIRECT_OBJC_ISA_USAGE = YES_ERROR;
				CLANG_WARN_DOCUMENTATION_COMMENTS = YES;
				CLANG_WARN_EMPTY_BODY = YES;
				CLANG_WARN_ENUM_CONVERSION = YES;
				CLANG_WARN_INFINITE_RECURSION = YES;
				CLANG_WARN_INT_CONVERSION = YES;
				CLANG_WARN_NON_LITERAL_NULL_CONVERSION = YES;
				CLANG_WARN_OBJC_IMPLICIT_RETAIN_SELF = YES;
				CLANG_WARN_OBJC_LITERAL_CONVERSION = YES;
				CLANG_WARN_OBJC_ROOT_CLASS = YES_ERROR;
				CLANG_WARN_QUOTED_INCLUDE_IN_FRAMEWORK_HEADER = YES;
				CLANG_WARN_RANGE_LOOP_ANALYSIS = YES;
				CLANG_WARN_STRICT_PROTOTYPES = YES;
				CLANG_WARN_SUSPICIOUS_MOVE = YES;
				CLANG_WARN_UNGUARDED_AVAILABILITY = YES_AGGRESSIVE;
				CLANG_WARN_UNREACHABLE_CODE = YES;
				CLANG_WARN__DUPLICATE_METHOD_MATCH = YES;
				COPY_PHASE_STRIP = NO;
				DEBUG_INFORMATION_FORMAT = dwarf;
				ENABLE_STRICT_OBJC_MSGSEND = YES;
				ENABLE_TESTABILITY = YES;
				GCC_C_LANGUAGE_STANDARD = gnu11;
				GCC_DYNAMIC_NO_PIC = NO;
				GCC_NO_COMMON_BLOCKS = YES;
				GCC_OPTIMIZATION_LEVEL = 0;
				GCC_PREPROCESSOR_DEFINITIONS = (
					"DEBUG=1",
					"$(inherited)",
				);
				GCC_WARN_64_TO_32_BIT_CONVERSION = YES;
				GCC_WARN_ABOUT_RETURN_TYPE = YES_ERROR;
				GCC_WARN_UNDECLARED_SELECTOR = YES;
				GCC_WARN_UNINITIALIZED_AUTOS = YES_AGGRESSIVE;
				GCC_WARN_UNUSED_FUNCTION = YES;
				GCC_WARN_UNUSED_VARIABLE = YES;
				MTL_ENABLE_DEBUG_INFO = INCLUDE_SOURCE;
				MTL_FAST_MATH = YES;
				ONLY_ACTIVE_ARCH = YES;
				SWIFT_ACTIVE_COMPILATION_CONDITIONS = DEBUG;
				SWIFT_OPTIMIZATION_LEVEL = "-Onone";
			};
			name = Debug;
		};
		872321D1273D2BA10009432D /* Release */ = {
			isa = XCBuildConfiguration;
			buildSettings = {
				ALWAYS_SEARCH_USER_PATHS = NO;
				CLANG_ANALYZER_NONNULL = YES;
				CLANG_ANALYZER_NUMBER_OBJECT_CONVERSION = YES_AGGRESSIVE;
				CLANG_CXX_LANGUAGE_STANDARD = "gnu++17";
				CLANG_CXX_LIBRARY = "libc++";
				CLANG_ENABLE_MODULES = YES;
				CLANG_ENABLE_OBJC_ARC = YES;
				CLANG_ENABLE_OBJC_WEAK = YES;
				CLANG_WARN_BLOCK_CAPTURE_AUTORELEASING = YES;
				CLANG_WARN_BOOL_CONVERSION = YES;
				CLANG_WARN_COMMA = YES;
				CLANG_WARN_CONSTANT_CONVERSION = YES;
				CLANG_WARN_DEPRECATED_OBJC_IMPLEMENTATIONS = YES;
				CLANG_WARN_DIRECT_OBJC_ISA_USAGE = YES_ERROR;
				CLANG_WARN_DOCUMENTATION_COMMENTS = YES;
				CLANG_WARN_EMPTY_BODY = YES;
				CLANG_WARN_ENUM_CONVERSION = YES;
				CLANG_WARN_INFINITE_RECURSION = YES;
				CLANG_WARN_INT_CONVERSION = YES;
				CLANG_WARN_NON_LITERAL_NULL_CONVERSION = YES;
				CLANG_WARN_OBJC_IMPLICIT_RETAIN_SELF = YES;
				CLANG_WARN_OBJC_LITERAL_CONVERSION = YES;
				CLANG_WARN_OBJC_ROOT_CLASS = YES_ERROR;
				CLANG_WARN_QUOTED_INCLUDE_IN_FRAMEWORK_HEADER = YES;
				CLANG_WARN_RANGE_LOOP_ANALYSIS = YES;
				CLANG_WARN_STRICT_PROTOTYPES = YES;
				CLANG_WARN_SUSPICIOUS_MOVE = YES;
				CLANG_WARN_UNGUARDED_AVAILABILITY = YES_AGGRESSIVE;
				CLANG_WARN_UNREACHABLE_CODE = YES;
				CLANG_WARN__DUPLICATE_METHOD_MATCH = YES;
				COPY_PHASE_STRIP = NO;
				DEBUG_INFORMATION_FORMAT = "dwarf-with-dsym";
				ENABLE_NS_ASSERTIONS = NO;
				ENABLE_STRICT_OBJC_MSGSEND = YES;
				GCC_C_LANGUAGE_STANDARD = gnu11;
				GCC_NO_COMMON_BLOCKS = YES;
				GCC_WARN_64_TO_32_BIT_CONVERSION = YES;
				GCC_WARN_ABOUT_RETURN_TYPE = YES_ERROR;
				GCC_WARN_UNDECLARED_SELECTOR = YES;
				GCC_WARN_UNINITIALIZED_AUTOS = YES_AGGRESSIVE;
				GCC_WARN_UNUSED_FUNCTION = YES;
				GCC_WARN_UNUSED_VARIABLE = YES;
				MTL_ENABLE_DEBUG_INFO = NO;
				MTL_FAST_MATH = YES;
				SWIFT_COMPILATION_MODE = wholemodule;
				SWIFT_OPTIMIZATION_LEVEL = "-O";
			};
			name = Release;
		};
		872321D3273D2BA10009432D /* Debug */ = {
			isa = XCBuildConfiguration;
			buildSettings = {
				ASSETCATALOG_COMPILER_APPICON_NAME = AppIcon;
				ASSETCATALOG_COMPILER_GLOBAL_ACCENT_COLOR_NAME = AccentColor;
				CODE_SIGN_STYLE = Automatic;
				CURRENT_PROJECT_VERSION = 1;
				DEVELOPMENT_TEAM = 834R9TH228;
				ENABLE_PREVIEWS = YES;
				GENERATE_INFOPLIST_FILE = YES;
				INFOPLIST_KEY_UIApplicationSceneManifest_Generation = YES;
				INFOPLIST_KEY_UIApplicationSupportsIndirectInputEvents = YES;
				INFOPLIST_KEY_UILaunchScreen_Generation = YES;
				INFOPLIST_KEY_UISupportedInterfaceOrientations_iPad = "UIInterfaceOrientationPortrait UIInterfaceOrientationPortraitUpsideDown UIInterfaceOrientationLandscapeLeft UIInterfaceOrientationLandscapeRight";
				INFOPLIST_KEY_UISupportedInterfaceOrientations_iPhone = "UIInterfaceOrientationPortrait UIInterfaceOrientationLandscapeLeft UIInterfaceOrientationLandscapeRight";
				IPHONEOS_DEPLOYMENT_TARGET = 15.0;
				LD_RUNPATH_SEARCH_PATHS = (
					"$(inherited)",
					"@executable_path/Frameworks",
				);
				MARKETING_VERSION = 1.0;
				PRODUCT_BUNDLE_IDENTIFIER = "Week-2.Week-2";
				PRODUCT_NAME = "Week 2";
				SDKROOT = iphoneos;
				SWIFT_EMIT_LOC_STRINGS = YES;
				SWIFT_VERSION = 5.0;
				TARGETED_DEVICE_FAMILY = "1,2";
			};
			name = Debug;
		};
		872321D4273D2BA10009432D /* Release */ = {
			isa = XCBuildConfiguration;
			buildSettings = {
				ASSETCATALOG_COMPILER_APPICON_NAME = AppIcon;
				ASSETCATALOG_COMPILER_GLOBAL_ACCENT_COLOR_NAME = AccentColor;
				CODE_SIGN_STYLE = Automatic;
				CURRENT_PROJECT_VERSION = 1;
				DEVELOPMENT_TEAM = 834R9TH228;
				ENABLE_PREVIEWS = YES;
				GENERATE_INFOPLIST_FILE = YES;
				INFOPLIST_KEY_UIApplicationSceneManifest_Generation = YES;
				INFOPLIST_KEY_UIApplicationSupportsIndirectInputEvents = YES;
				INFOPLIST_KEY_UILaunchScreen_Generation = YES;
				INFOPLIST_KEY_UISupportedInterfaceOrientations_iPad = "UIInterfaceOrientationPortrait UIInterfaceOrientationPortraitUpsideDown UIInterfaceOrientationLandscapeLeft UIInterfaceOrientationLandscapeRight";
				INFOPLIST_KEY_UISupportedInterfaceOrientations_iPhone = "UIInterfaceOrientationPortrait UIInterfaceOrientationLandscapeLeft UIInterfaceOrientationLandscapeRight";
				IPHONEOS_DEPLOYMENT_TARGET = 15.0;
				LD_RUNPATH_SEARCH_PATHS = (
					"$(inherited)",
					"@executable_path/Frameworks",
				);
				MARKETING_VERSION = 1.0;
				PRODUCT_BUNDLE_IDENTIFIER = "Week-2.Week-2";
				PRODUCT_NAME = "Week 2";
				SDKROOT = iphoneos;
				SWIFT_EMIT_LOC_STRINGS = YES;
				SWIFT_VERSION = 5.0;
				TARGETED_DEVICE_FAMILY = "1,2";
				VALIDATE_PRODUCT = YES;
			};
			name = Release;
		};
		872321D6273D2BA10009432D /* Debug */ = {
			isa = XCBuildConfiguration;
			buildSettings = {
				ASSETCATALOG_COMPILER_APPICON_NAME = AppIcon;
				ASSETCATALOG_COMPILER_GLOBAL_ACCENT_COLOR_NAME = AccentColor;
				CODE_SIGN_ENTITLEMENTS = macOS/macOS.entitlements;
				CODE_SIGN_STYLE = Automatic;
				COMBINE_HIDPI_IMAGES = YES;
				CURRENT_PROJECT_VERSION = 1;
				DEVELOPMENT_TEAM = 834R9TH228;
				ENABLE_HARDENED_RUNTIME = YES;
				ENABLE_PREVIEWS = YES;
				GENERATE_INFOPLIST_FILE = YES;
				INFOPLIST_KEY_NSHumanReadableCopyright = "";
				LD_RUNPATH_SEARCH_PATHS = (
					"$(inherited)",
					"@executable_path/../Frameworks",
				);
				MACOSX_DEPLOYMENT_TARGET = 12.0;
				MARKETING_VERSION = 1.0;
				PRODUCT_BUNDLE_IDENTIFIER = "Week-2.Week-2";
				PRODUCT_NAME = "Week 2";
				SDKROOT = macosx;
				SWIFT_EMIT_LOC_STRINGS = YES;
				SWIFT_VERSION = 5.0;
			};
			name = Debug;
		};
		872321D7273D2BA10009432D /* Release */ = {
			isa = XCBuildConfiguration;
			buildSettings = {
				ASSETCATALOG_COMPILER_APPICON_NAME = AppIcon;
				ASSETCATALOG_COMPILER_GLOBAL_ACCENT_COLOR_NAME = AccentColor;
				CODE_SIGN_ENTITLEMENTS = macOS/macOS.entitlements;
				CODE_SIGN_STYLE = Automatic;
				COMBINE_HIDPI_IMAGES = YES;
				CURRENT_PROJECT_VERSION = 1;
				DEVELOPMENT_TEAM = 834R9TH228;
				ENABLE_HARDENED_RUNTIME = YES;
				ENABLE_PREVIEWS = YES;
				GENERATE_INFOPLIST_FILE = YES;
				INFOPLIST_KEY_NSHumanReadableCopyright = "";
				LD_RUNPATH_SEARCH_PATHS = (
					"$(inherited)",
					"@executable_path/../Frameworks",
				);
				MACOSX_DEPLOYMENT_TARGET = 12.0;
				MARKETING_VERSION = 1.0;
				PRODUCT_BUNDLE_IDENTIFIER = "Week-2.Week-2";
				PRODUCT_NAME = "Week 2";
				SDKROOT = macosx;
				SWIFT_EMIT_LOC_STRINGS = YES;
				SWIFT_VERSION = 5.0;
			};
			name = Release;
		};
		872321D9273D2BA10009432D /* Debug */ = {
			isa = XCBuildConfiguration;
			buildSettings = {
				ALWAYS_EMBED_SWIFT_STANDARD_LIBRARIES = YES;
				CODE_SIGN_STYLE = Automatic;
				CURRENT_PROJECT_VERSION = 1;
				DEVELOPMENT_TEAM = 834R9TH228;
				GENERATE_INFOPLIST_FILE = YES;
				IPHONEOS_DEPLOYMENT_TARGET = 15.0;
				LD_RUNPATH_SEARCH_PATHS = (
					"$(inherited)",
					"@executable_path/Frameworks",
					"@loader_path/Frameworks",
				);
				MARKETING_VERSION = 1.0;
				PRODUCT_BUNDLE_IDENTIFIER = "Week-2.Tests-iOS";
				PRODUCT_NAME = "$(TARGET_NAME)";
				SDKROOT = iphoneos;
				SWIFT_EMIT_LOC_STRINGS = NO;
				SWIFT_VERSION = 5.0;
				TARGETED_DEVICE_FAMILY = "1,2";
				TEST_TARGET_NAME = "Week 2 (iOS)";
			};
			name = Debug;
		};
		872321DA273D2BA10009432D /* Release */ = {
			isa = XCBuildConfiguration;
			buildSettings = {
				ALWAYS_EMBED_SWIFT_STANDARD_LIBRARIES = YES;
				CODE_SIGN_STYLE = Automatic;
				CURRENT_PROJECT_VERSION = 1;
				DEVELOPMENT_TEAM = 834R9TH228;
				GENERATE_INFOPLIST_FILE = YES;
				IPHONEOS_DEPLOYMENT_TARGET = 15.0;
				LD_RUNPATH_SEARCH_PATHS = (
					"$(inherited)",
					"@executable_path/Frameworks",
					"@loader_path/Frameworks",
				);
				MARKETING_VERSION = 1.0;
				PRODUCT_BUNDLE_IDENTIFIER = "Week-2.Tests-iOS";
				PRODUCT_NAME = "$(TARGET_NAME)";
				SDKROOT = iphoneos;
				SWIFT_EMIT_LOC_STRINGS = NO;
				SWIFT_VERSION = 5.0;
				TARGETED_DEVICE_FAMILY = "1,2";
				TEST_TARGET_NAME = "Week 2 (iOS)";
				VALIDATE_PRODUCT = YES;
			};
			name = Release;
		};
		872321DC273D2BA10009432D /* Debug */ = {
			isa = XCBuildConfiguration;
			buildSettings = {
				ALWAYS_EMBED_SWIFT_STANDARD_LIBRARIES = YES;
				CODE_SIGN_STYLE = Automatic;
				COMBINE_HIDPI_IMAGES = YES;
				CURRENT_PROJECT_VERSION = 1;
				DEVELOPMENT_TEAM = 834R9TH228;
				GENERATE_INFOPLIST_FILE = YES;
				LD_RUNPATH_SEARCH_PATHS = (
					"$(inherited)",
					"@executable_path/../Frameworks",
					"@loader_path/../Frameworks",
				);
				MACOSX_DEPLOYMENT_TARGET = 12.0;
				MARKETING_VERSION = 1.0;
				PRODUCT_BUNDLE_IDENTIFIER = "Week-2.Tests-macOS";
				PRODUCT_NAME = "$(TARGET_NAME)";
				SDKROOT = macosx;
				SWIFT_EMIT_LOC_STRINGS = NO;
				SWIFT_VERSION = 5.0;
				TEST_TARGET_NAME = "Week 2 (macOS)";
			};
			name = Debug;
		};
		872321DD273D2BA10009432D /* Release */ = {
			isa = XCBuildConfiguration;
			buildSettings = {
				ALWAYS_EMBED_SWIFT_STANDARD_LIBRARIES = YES;
				CODE_SIGN_STYLE = Automatic;
				COMBINE_HIDPI_IMAGES = YES;
				CURRENT_PROJECT_VERSION = 1;
				DEVELOPMENT_TEAM = 834R9TH228;
				GENERATE_INFOPLIST_FILE = YES;
				LD_RUNPATH_SEARCH_PATHS = (
					"$(inherited)",
					"@executable_path/../Frameworks",
					"@loader_path/../Frameworks",
				);
				MACOSX_DEPLOYMENT_TARGET = 12.0;
				MARKETING_VERSION = 1.0;
				PRODUCT_BUNDLE_IDENTIFIER = "Week-2.Tests-macOS";
				PRODUCT_NAME = "$(TARGET_NAME)";
				SDKROOT = macosx;
				SWIFT_EMIT_LOC_STRINGS = NO;
				SWIFT_VERSION = 5.0;
				TEST_TARGET_NAME = "Week 2 (macOS)";
			};
			name = Release;
		};
/* End XCBuildConfiguration section */

/* Begin XCConfigurationList section */
		872321A0273D2B9F0009432D /* Build configuration list for PBXProject "Week 2" */ = {
			isa = XCConfigurationList;
			buildConfigurations = (
				872321D0273D2BA10009432D /* Debug */,
				872321D1273D2BA10009432D /* Release */,
			);
			defaultConfigurationIsVisible = 0;
			defaultConfigurationName = Release;
		};
		872321D2273D2BA10009432D /* Build configuration list for PBXNativeTarget "Week 2 (iOS)" */ = {
			isa = XCConfigurationList;
			buildConfigurations = (
				872321D3273D2BA10009432D /* Debug */,
				872321D4273D2BA10009432D /* Release */,
			);
			defaultConfigurationIsVisible = 0;
			defaultConfigurationName = Release;
		};
		872321D5273D2BA10009432D /* Build configuration list for PBXNativeTarget "Week 2 (macOS)" */ = {
			isa = XCConfigurationList;
			buildConfigurations = (
				872321D6273D2BA10009432D /* Debug */,
				872321D7273D2BA10009432D /* Release */,
			);
			defaultConfigurationIsVisible = 0;
			defaultConfigurationName = Release;
		};
		872321D8273D2BA10009432D /* Build configuration list for PBXNativeTarget "Tests iOS" */ = {
			isa = XCConfigurationList;
			buildConfigurations = (
				872321D9273D2BA10009432D /* Debug */,
				872321DA273D2BA10009432D /* Release */,
			);
			defaultConfigurationIsVisible = 0;
			defaultConfigurationName = Release;
		};
		872321DB273D2BA10009432D /* Build configuration list for PBXNativeTarget "Tests macOS" */ = {
			isa = XCConfigurationList;
			buildConfigurations = (
				872321DC273D2BA10009432D /* Debug */,
				872321DD273D2BA10009432D /* Release */,
			);
			defaultConfigurationIsVisible = 0;
			defaultConfigurationName = Release;
		};
/* End XCConfigurationList section */
	};
	rootObject = 8723219D273D2B9F0009432D /* Project object */;
}
